
Microsoft Visual Studio Solution File, Format Version 12.00
# Visual Studio 15
VisualStudioVersion = 15.0.28010.2048
MinimumVisualStudioVersion = 10.0.40219.1
Project("{FAE04EC0-301F-11D3-BF4B-00C04F79EFBC}") = "CarbWeb", "CarbWeb\CarbWeb.csproj", "{93BFF038-72D1-44F0-AB95-3D993D257653}"
EndProject
Project("{FAE04EC0-301F-11D3-BF4B-00C04F79EFBC}") = "ConsoleClient", "ConsoleClient\ConsoleClient.csproj", "{7D32E341-D80E-48B8-8206-54B0B0BA744B}"
EndProject
Global
	GlobalSection(SolutionConfigurationPlatforms) = preSolution
		Debug|Any CPU = Debug|Any CPU
		Release|Any CPU = Release|Any CPU
	EndGlobalSection
	GlobalSection(ProjectConfigurationPlatforms) = postSolution
		{93BFF038-72D1-44F0-AB95-3D993D257653}.Debug|Any CPU.ActiveCfg = Debug|Any CPU
		{93BFF038-72D1-44F0-AB95-3D993D257653}.Debug|Any CPU.Build.0 = Debug|Any CPU
		{93BFF038-72D1-44F0-AB95-3D993D257653}.Release|Any CPU.ActiveCfg = Release|Any CPU
		{93BFF038-72D1-44F0-AB95-3D993D257653}.Release|Any CPU.Build.0 = Release|Any CPU
		{7D32E341-D80E-48B8-8206-54B0B0BA744B}.Debug|Any CPU.ActiveCfg = Debug|Any CPU
		{7D32E341-D80E-48B8-8206-54B0B0BA744B}.Debug|Any CPU.Build.0 = Debug|Any CPU
		{7D32E341-D80E-48B8-8206-54B0B0BA744B}.Release|Any CPU.ActiveCfg = Release|Any CPU
		{7D32E341-D80E-48B8-8206-54B0B0BA744B}.Release|Any CPU.Build.0 = Release|Any CPU
	EndGlobalSection
	GlobalSection(SolutionProperties) = preSolution
		HideSolutionNode = FALSE
	EndGlobalSection
	GlobalSection(ExtensibilityGlobals) = postSolution
		SolutionGuid = {225AD8A6-9D11-4F8C-938B-F240CD3CB035}
	EndGlobalSection
EndGlobal
